{
  "name": "dependencies",
  "version": "0.0.1",
  "lockfileVersion": 2,
  "requires": true,
  "packages": {
    "": {
      "name": "dependencies",
      "version": "0.0.1",
      "license": "Apache-2.0",
      "dependencies": {
        "name-formatter": "file:../modules/name-formatter"
      }
    },
    "../modules/name-formatter": {
      "version": "0.0.1",
      "license": "Apache-2.0"
    },
    "node_modules/name-formatter": {
      "resolved": "../modules/name-formatter",
      "link": true
    }
  },
  "dependencies": {
    "name-formatter": {
      "version": "file:../modules/name-formatter"
    }
  }
}
