{
  "name": "litexa",
  "version": "0.0.1",
  "lockfileVersion": 2,
  "requires": true,
  "packages": {
    "": {
      "name": "litexa",
      "version": "0.0.1",
      "license": "Apache-2.0",
      "dependencies": {
        "runtime-require": "file:../external/runtime-require",
        "statement-require": "file:../external/statement-require"
      }
    },
    "../external/runtime-require": {
      "version": "0.0.1",
      "license": "Apache-2.0"
    },
    "../external/statement-require": {
      "version": "0.0.1",
      "license": "Apache-2.0"
    },
    "node_modules/runtime-require": {
      "resolved": "../external/runtime-require",
      "link": true
    },
    "node_modules/statement-require": {
      "resolved": "../external/statement-require",
      "link": true
    }
  },
  "dependencies": {
    "runtime-require": {
      "version": "file:../external/runtime-require"
    },
    "statement-require": {
      "version": "file:../external/statement-require"
    }
  }
}
