{
  "name": "litexa",
  "version": "1.0.0",
  "lockfileVersion": 2,
  "requires": true,
  "packages": {
    "": {
      "name": "litexa",
      "version": "1.0.0",
      "license": "ISC",
      "dependencies": {
        "@litexa/html": "file:../../.."
      }
    },
    "../../..": {
      "name": "@litexa/html",
      "version": "0.8.0",
      "license": "Apache-2.0"
    },
    "node_modules/@litexa/html": {
      "resolved": "../../..",
      "link": true
    }
  },
  "dependencies": {
    "@litexa/html": {
      "version": "file:../../.."
    }
  }
}
