{
  "name": "lexical-scoping-integration-test",
  "version": "0.0.1",
  "lockfileVersion": 2,
  "requires": true,
  "packages": {
    "": {
      "name": "lexical-scoping-integration-test",
      "version": "0.0.1",
      "license": "Apache-2.0",
      "dependencies": {
        "logger": "file:../externals/logger"
      }
    },
    "../externals/logger": {
      "version": "0.0.1",
      "license": "Apache-2.0"
    },
    "node_modules/logger": {
      "resolved": "../externals/logger",
      "link": true
    }
  },
  "dependencies": {
    "logger": {
      "version": "file:../externals/logger"
    }
  }
}
